{
  "name": "aws-nodejs-typescript",
  "version": "1.0.0",
  "lockfileVersion": 1,
  "requires": true,
  "dependencies": {
    "jpeg-js": {
      "version": "0.2.0",
      "resolved": "https://registry.npmjs.org/jpeg-js/-/jpeg-js-0.2.0.tgz",
      "integrity": "sha1-U+RI7J0mPmgyZkZ+lELSxaLvVII="
    },
    "node-resemble-js": {
      "version": "0.2.0",
      "resolved": "https://registry.npmjs.org/node-resemble-js/-/node-resemble-js-0.2.0.tgz",
      "integrity": "sha1-ijbGZ4ph5dhFX+xYAJsbAnGxkJo=",
      "requires": {
        "jpeg-js": "0.2.0",
        "pngjs": "2.2.0"
      },
      "dependencies": {
        "pngjs": {
          "version": "2.2.0",
          "resolved": "https://registry.npmjs.org/pngjs/-/pngjs-2.2.0.tgz",
          "integrity": "sha1-ZJZjYJoOurh8jwiz/nJASLUdnX8="
        }
      }
    },
    "pngjs": {
      "version": "3.3.0",
      "resolved": "https://registry.npmjs.org/pngjs/-/pngjs-3.3.0.tgz",
      "integrity": "sha1-H1cwwYnJSTO4G+2iqy+OKFUmOo8="
    },
    "resemblejs": {
      "version": "2.2.6",
      "resolved": "https://registry.npmjs.org/resemblejs/-/resemblejs-2.2.6.tgz",
      "integrity": "sha512-o4sxCTSwTxx5hBFXYn5rsgMuLQT8kufJ5vzKYcRwWhCWERKN4dqZwiMx7+nRrcXouWmiFGD9A486yS4Z1a2PQQ=="
    }
  }
}
